<?xml version="1.0" encoding="utf-8"?>
<Project ToolsVersion="4.0" xmlns="http://schemas.microsoft.com/developer/msbuild/2003">
  <ItemGroup>
    <Filter Include="Source">
      <UniqueIdentifier>{c702bdb6-1325-43df-9d04-782257ed8cc6}</UniqueIdentifier>
    </Filter>
    <Filter Include="Camera">
      <UniqueIdentifier>{55388c10-438c-4a49-bc0e-24b52c6e3d3b}</UniqueIdentifier>
    </Filter>
    <Filter Include="Renderer">
      <UniqueIdentifier>{b7ff7fc0-fa4f-4a41-89d8-39280825a8fa}</UniqueIdentifier>
    </Filter>
    <Filter Include="DrawBehavior">
      <UniqueIdentifier>{7c6f5467-e166-4ba2-9be6-aada168e5e3b}</UniqueIdentifier>
    </Filter>
    <Filter Include="VertexBehavior">
      <UniqueIdentifier>{ffda6af2-d594-403b-8cc2-5c4cad49cbe2}</UniqueIdentifier>
    </Filter>
    <Filter Include="IndexBehavior">
      <UniqueIdentifier>{a39401ee-9d3c-4965-a90d-39d0eb2c0d78}</UniqueIdentifier>
    </Filter>
    <Filter Include="Window">
      <UniqueIdentifier>{d27fdd3e-1c9a-4cce-946c-4183a9de6c17}</UniqueIdentifier>
    </Filter>
    <Filter Include="Utilities">
      <UniqueIdentifier>{189a2e76-7272-44af-b10d-6a14826ad0b7}</UniqueIdentifier>
    </Filter>
    <Filter Include="Sound">
      <UniqueIdentifier>{b4f24c6e-5c20-49cf-aa74-fa83ca4f78e8}</UniqueIdentifier>
    </Filter>
    <Filter Include="GameObjects">
      <UniqueIdentifier>{6a5678e7-86a2-4bb0-b5f9-558225d54950}</UniqueIdentifier>
    </Filter>
  </ItemGroup>
  <ItemGroup>
    <ClCompile Include="..\..\SourceCode\Game.cpp">
      <Filter>Source</Filter>
    </ClCompile>
    <ClCompile Include="..\..\SourceCode\WinMain.cpp">
      <Filter>Source</Filter>
    </ClCompile>
    <ClCompile Include="..\..\SourceCode\Camera.cpp">
      <Filter>Camera</Filter>
    </ClCompile>
    <ClCompile Include="..\..\SourceCode\D3DHandler.cpp">
      <Filter>Renderer</Filter>
    </ClCompile>
    <ClCompile Include="..\..\SourceCode\ShaderManager.cpp">
      <Filter>Renderer</Filter>
    </ClCompile>
    <ClCompile Include="..\..\SourceCode\DrawBehaviorIndexed.cpp">
      <Filter>DrawBehavior</Filter>
    </ClCompile>
    <ClCompile Include="..\..\SourceCode\VertexBehaviorCube.cpp">
      <Filter>VertexBehavior</Filter>
    </ClCompile>
    <ClCompile Include="..\..\SourceCode\VertexBehaviorHeightmap.cpp">
      <Filter>VertexBehavior</Filter>
    </ClCompile>
    <ClCompile Include="..\..\SourceCode\IndexBehaviorCube.cpp">
      <Filter>IndexBehavior</Filter>
    </ClCompile>
    <ClCompile Include="..\..\SourceCode\IndexBehaviorGrid.cpp">
      <Filter>IndexBehavior</Filter>
    </ClCompile>
    <ClCompile Include="..\..\SourceCode\Window.cpp">
      <Filter>Window</Filter>
    </ClCompile>
    <ClCompile Include="..\..\SourceCode\SoundManager.cpp">
      <Filter>Sound</Filter>
    </ClCompile>
    <ClCompile Include="..\..\SourceCode\GameObject.cpp">
      <Filter>GameObjects</Filter>
    </ClCompile>
    <ClCompile Include="..\..\SourceCode\Terrain.cpp">
      <Filter>GameObjects</Filter>
    </ClCompile>
  </ItemGroup>
  <ItemGroup>
    <ClInclude Include="..\..\SourceCode\Game.h">
      <Filter>Source</Filter>
    </ClInclude>
    <ClInclude Include="..\..\SourceCode\Camera.h">
      <Filter>Camera</Filter>
    </ClInclude>
    <ClInclude Include="..\..\SourceCode\CBuffer.h">
      <Filter>Renderer</Filter>
    </ClInclude>
    <ClInclude Include="..\..\SourceCode\D3DHandler.h">
      <Filter>Renderer</Filter>
    </ClInclude>
    <ClInclude Include="..\..\SourceCode\ShaderManager.h">
      <Filter>Renderer</Filter>
    </ClInclude>
    <ClInclude Include="..\..\SourceCode\DrawBehavior.h">
      <Filter>DrawBehavior</Filter>
    </ClInclude>
    <ClInclude Include="..\..\SourceCode\DrawBehaviorIndexed.h">
      <Filter>DrawBehavior</Filter>
    </ClInclude>
    <ClInclude Include="..\..\SourceCode\VertexBehavior.h">
      <Filter>VertexBehavior</Filter>
    </ClInclude>
    <ClInclude Include="..\..\SourceCode\VertexBehaviorCube.h">
      <Filter>VertexBehavior</Filter>
    </ClInclude>
    <ClInclude Include="..\..\SourceCode\VertexBehaviorHeightmap.h">
      <Filter>VertexBehavior</Filter>
    </ClInclude>
    <ClInclude Include="..\..\SourceCode\IndexBehavior.h">
      <Filter>IndexBehavior</Filter>
    </ClInclude>
    <ClInclude Include="..\..\SourceCode\IndexBehaviorCube.h">
      <Filter>IndexBehavior</Filter>
    </ClInclude>
    <ClInclude Include="..\..\SourceCode\IndexBehaviorGrid.h">
      <Filter>IndexBehavior</Filter>
    </ClInclude>
    <ClInclude Include="..\..\SourceCode\Window.h">
      <Filter>Window</Filter>
    </ClInclude>
    <ClInclude Include="..\..\SourceCode\InputContainer.h">
      <Filter>Utilities</Filter>
    </ClInclude>
    <ClInclude Include="..\..\SourceCode\Utility.h">
      <Filter>Utilities</Filter>
    </ClInclude>
    <ClInclude Include="..\..\SourceCode\Vertex.h">
      <Filter>Utilities</Filter>
    </ClInclude>
    <ClInclude Include="..\..\SourceCode\Light.h">
      <Filter>Utilities</Filter>
    </ClInclude>
    <ClInclude Include="..\..\SourceCode\SoundManager.h">
      <Filter>Sound</Filter>
    </ClInclude>
    <ClInclude Include="..\..\SourceCode\GameObject.h">
      <Filter>GameObjects</Filter>
    </ClInclude>
    <ClInclude Include="..\..\SourceCode\Terrain.h">
      <Filter>GameObjects</Filter>
    </ClInclude>
  </ItemGroup>
</Project>