<?xml version="1.0" encoding="utf-8"?>
<Project ToolsVersion="4.0" xmlns="http://schemas.microsoft.com/developer/msbuild/2003">
  <ItemGroup>
    <ClCompile Include="..\..\Source\main.cpp" />
    <ClCompile Include="..\..\Source\camera.cpp">
      <Filter>Camera</Filter>
    </ClCompile>
    <ClCompile Include="..\..\Source\mathHelper.cpp">
      <Filter>Utilties</Filter>
    </ClCompile>
    <ClCompile Include="..\..\Source\renderer.cpp">
      <Filter>Renderer</Filter>
    </ClCompile>
    <ClCompile Include="..\..\Source\managementShader.cpp">
      <Filter>Renderer</Filter>
    </ClCompile>
    <ClCompile Include="..\..\Source\managementD3D.cpp">
      <Filter>Renderer</Filter>
    </ClCompile>
    <ClCompile Include="..\..\Source\window.cpp">
      <Filter>Window</Filter>
    </ClCompile>
    <ClCompile Include="..\..\Source\managementCB.cpp">
      <Filter>ManagmentCB</Filter>
    </ClCompile>
    <ClCompile Include="..\..\Source\sprite.cpp">
      <Filter>Sprite</Filter>
    </ClCompile>
    <ClCompile Include="..\..\Source\managementTex.cpp">
      <Filter>Renderer</Filter>
    </ClCompile>
    <ClCompile Include="..\..\Source\managementSprite.cpp">
      <Filter>Sprite</Filter>
    </ClCompile>
    <ClCompile Include="..\..\Source\managementSS.cpp">
      <Filter>Renderer</Filter>
    </ClCompile>
    <ClCompile Include="..\..\Source\XInputFetcher.cpp">
      <Filter>Input</Filter>
    </ClCompile>
    <ClCompile Include="..\..\Source\InputHelper.cpp">
      <Filter>Input</Filter>
    </ClCompile>
    <ClCompile Include="..\..\Source\Vertex.cpp">
      <Filter>Utilties</Filter>
    </ClCompile>
    <ClCompile Include="..\..\Source\EntityBufferInfo.cpp">
      <Filter>Renderer</Filter>
    </ClCompile>
    <ClCompile Include="..\..\Source\managementBS.cpp">
      <Filter>Renderer</Filter>
    </ClCompile>
    <ClCompile Include="..\..\Source\managementMenu.cpp">
      <Filter>ManagementMenu</Filter>
    </ClCompile>
    <ClCompile Include="..\..\Source\ManagementDebug.cpp">
      <Filter>Utilties</Filter>
    </ClCompile>
    <ClCompile Include="..\..\Source\CubeFactory.cpp">
      <Filter>Factories</Filter>
    </ClCompile>
    <ClCompile Include="..\..\Source\ObjFileReader.cpp">
      <Filter>Factories</Filter>
    </ClCompile>
    <ClCompile Include="..\..\Source\managementWrite.cpp">
      <Filter>ManagementWrite</Filter>
    </ClCompile>
    <ClCompile Include="..\..\Source\HeightMap.cpp">
      <Filter>Logic</Filter>
    </ClCompile>
    <ClCompile Include="..\..\Source\CameraController.cpp">
      <Filter>Logic</Filter>
    </ClCompile>
    <ClCompile Include="..\..\Source\DebugGUI.cpp">
      <Filter>Utilties</Filter>
    </ClCompile>
    <ClCompile Include="..\..\Source\PivotPoint.cpp">
      <Filter>Logic</Filter>
    </ClCompile>
    <ClCompile Include="..\..\Source\blendMap.cpp">
      <Filter>Logic</Filter>
    </ClCompile>
    <ClCompile Include="..\..\Source\DigitalSmoothControl.cpp">
      <Filter>Input</Filter>
    </ClCompile>
    <ClCompile Include="..\..\Source\ObjectTool.cpp">
      <Filter>Logic</Filter>
    </ClCompile>
    <ClCompile Include="..\..\Source\ObjectMold.cpp">
      <Filter>Factories</Filter>
    </ClCompile>
  </ItemGroup>
  <ItemGroup>
    <ClInclude Include="..\..\Source\camera.h">
      <Filter>Camera</Filter>
    </ClInclude>
    <ClInclude Include="..\..\Source\mathHelper.h">
      <Filter>Utilties</Filter>
    </ClInclude>
    <ClInclude Include="..\..\Source\utility.h">
      <Filter>Utilties</Filter>
    </ClInclude>
    <ClInclude Include="..\..\Source\inputDesc.h">
      <Filter>Utilties</Filter>
    </ClInclude>
    <ClInclude Include="..\..\Source\keyCodes.h">
      <Filter>Utilties</Filter>
    </ClInclude>
    <ClInclude Include="..\..\Source\renderer.h">
      <Filter>Renderer</Filter>
    </ClInclude>
    <ClInclude Include="..\..\Source\managementShader.h">
      <Filter>Renderer</Filter>
    </ClInclude>
    <ClInclude Include="..\..\Source\managementD3D.h">
      <Filter>Renderer</Filter>
    </ClInclude>
    <ClInclude Include="..\..\Source\window.h">
      <Filter>Window</Filter>
    </ClInclude>
    <ClInclude Include="..\..\Source\managementCB.h">
      <Filter>ManagmentCB</Filter>
    </ClInclude>
    <ClInclude Include="..\..\Source\cbDesc.h">
      <Filter>ManagmentCB</Filter>
    </ClInclude>
    <ClInclude Include="..\..\Source\vertex.h">
      <Filter>Utilties</Filter>
    </ClInclude>
    <ClInclude Include="..\..\Source\sprite.h">
      <Filter>Sprite</Filter>
    </ClInclude>
    <ClInclude Include="..\..\Source\managementTex.h">
      <Filter>Renderer</Filter>
    </ClInclude>
    <ClInclude Include="..\..\Source\textureIds.h">
      <Filter>Renderer</Filter>
    </ClInclude>
    <ClInclude Include="..\..\Source\managementSprite.h">
      <Filter>Sprite</Filter>
    </ClInclude>
    <ClInclude Include="..\..\Source\managementSS.h">
      <Filter>Renderer</Filter>
    </ClInclude>
    <ClInclude Include="..\..\Source\XInputFetcher.h">
      <Filter>Input</Filter>
    </ClInclude>
    <ClInclude Include="..\..\Source\InputHelper.h">
      <Filter>Input</Filter>
    </ClInclude>
    <ClInclude Include="..\..\Source\EntityBufferInfo.h">
      <Filter>Renderer</Filter>
    </ClInclude>
    <ClInclude Include="..\..\Source\managementBS.h">
      <Filter>Renderer</Filter>
    </ClInclude>
    <ClInclude Include="..\..\Source\managementMenu.h">
      <Filter>ManagementMenu</Filter>
    </ClInclude>
    <ClInclude Include="..\..\Source\ManagementDebug.h">
      <Filter>Utilties</Filter>
    </ClInclude>
    <ClInclude Include="..\..\Source\CubeFactory.h">
      <Filter>Factories</Filter>
    </ClInclude>
    <ClInclude Include="..\..\Source\ObjFileReader.h">
      <Filter>Factories</Filter>
    </ClInclude>
    <ClInclude Include="..\..\Source\managementWrite.h">
      <Filter>ManagementWrite</Filter>
    </ClInclude>
    <ClInclude Include="..\..\Source\text.h">
      <Filter>ManagementWrite</Filter>
    </ClInclude>
    <ClInclude Include="..\..\Source\HeightMap.h">
      <Filter>Logic</Filter>
    </ClInclude>
    <ClInclude Include="..\..\Source\CameraController.h">
      <Filter>Logic</Filter>
    </ClInclude>
    <ClInclude Include="..\..\Source\DebugGUI.h">
      <Filter>Utilties</Filter>
    </ClInclude>
    <ClInclude Include="..\..\Source\PivotPoint.h">
      <Filter>Logic</Filter>
    </ClInclude>
    <ClInclude Include="..\..\Source\blendMap.h">
      <Filter>Logic</Filter>
    </ClInclude>
    <ClInclude Include="..\..\Source\texel.h">
      <Filter>Utilties</Filter>
    </ClInclude>
    <ClInclude Include="..\..\Source\DigitalSmoothControl.h">
      <Filter>Input</Filter>
    </ClInclude>
    <ClInclude Include="..\..\Source\ObjectTool.h">
      <Filter>Logic</Filter>
    </ClInclude>
    <ClInclude Include="..\..\Source\ObjectMold.h">
      <Filter>Factories</Filter>
    </ClInclude>
  </ItemGroup>
  <ItemGroup>
    <Filter Include="Shaders">
      <UniqueIdentifier>{5842adae-3d0b-42ca-b303-949b19310f44}</UniqueIdentifier>
    </Filter>
    <Filter Include="Camera">
      <UniqueIdentifier>{5de9a7b3-9b65-4c51-abfd-e27911cb22d1}</UniqueIdentifier>
    </Filter>
    <Filter Include="Utilties">
      <UniqueIdentifier>{5328dbe3-30ea-4ca6-a428-ff7f83689bc6}</UniqueIdentifier>
    </Filter>
    <Filter Include="Window">
      <UniqueIdentifier>{10e33707-ff6d-49ff-aa00-347528747914}</UniqueIdentifier>
    </Filter>
    <Filter Include="ManagmentCB">
      <UniqueIdentifier>{bd5b333e-f29f-468a-8e53-dded6132f526}</UniqueIdentifier>
    </Filter>
    <Filter Include="Sprite">
      <UniqueIdentifier>{c74b0c5d-ce1d-4581-801c-c0212d161123}</UniqueIdentifier>
    </Filter>
    <Filter Include="Input">
      <UniqueIdentifier>{7cd705d2-8727-43f9-8220-8e351798052b}</UniqueIdentifier>
    </Filter>
    <Filter Include="Renderer">
      <UniqueIdentifier>{5e2a92b0-aad9-4736-8cd9-8ee6ddbc386c}</UniqueIdentifier>
    </Filter>
    <Filter Include="Factories">
      <UniqueIdentifier>{70affaff-c64e-4759-8040-f3ceafbb68ba}</UniqueIdentifier>
    </Filter>
    <Filter Include="ManagementMenu">
      <UniqueIdentifier>{db340f81-ae62-4a2b-a7ad-4f7e7af580f1}</UniqueIdentifier>
    </Filter>
    <Filter Include="ManagementWrite">
      <UniqueIdentifier>{159754c5-aa90-4aeb-98c1-0068b427e516}</UniqueIdentifier>
    </Filter>
    <Filter Include="Logic">
      <UniqueIdentifier>{efced057-1d1c-4d80-ace9-5690e816ff9e}</UniqueIdentifier>
    </Filter>
  </ItemGroup>
  <ItemGroup>
    <FxCompile Include="..\..\Shaders\psDefault.hlsl">
      <Filter>Shaders</Filter>
    </FxCompile>
    <FxCompile Include="..\..\Shaders\vsDefault.hlsl">
      <Filter>Shaders</Filter>
    </FxCompile>
    <FxCompile Include="..\..\Shaders\constantBuffers.hlsl">
      <Filter>Shaders</Filter>
    </FxCompile>
    <FxCompile Include="..\..\Shaders\structs.hlsl">
      <Filter>Shaders</Filter>
    </FxCompile>
    <FxCompile Include="..\..\Shaders\psSprite.hlsl">
      <Filter>Shaders</Filter>
    </FxCompile>
    <FxCompile Include="..\..\Shaders\vsSprite.hlsl">
      <Filter>Shaders</Filter>
    </FxCompile>
    <FxCompile Include="..\..\Shaders\vsHeightMap.hlsl">
      <Filter>Shaders</Filter>
    </FxCompile>
    <FxCompile Include="..\..\Shaders\psHeightMap.hlsl">
      <Filter>Shaders</Filter>
    </FxCompile>
    <FxCompile Include="..\..\Shaders\lightLib.hlsl">
      <Filter>Shaders</Filter>
    </FxCompile>
  </ItemGroup>
</Project>