<?xml version="1.0" encoding="utf-8"?>
<Project ToolsVersion="4.0" xmlns="http://schemas.microsoft.com/developer/msbuild/2003">
  <ItemGroup>
    <ClCompile Include="Source\UtilString.cpp" />
  </ItemGroup>
  <ItemGroup>
    <ClInclude Include="Source\UtilString.h" />
    <ClInclude Include="Source\Util.h" />
    <ClInclude Include="Source\texel.h" />
    <ClInclude Include="Source\MacDesc.h" />
  </ItemGroup>
</Project>