<?xml version="1.0" encoding="utf-8"?>
<Project ToolsVersion="4.0" xmlns="http://schemas.microsoft.com/developer/msbuild/2003">
  <ItemGroup>
    <ClCompile Include="Source\LoaderXML.cpp" />
    <ClCompile Include="Source\WinDetective.cpp">
      <Filter>WinDetective</Filter>
    </ClCompile>
  </ItemGroup>
  <ItemGroup>
    <ClInclude Include="Source\LoaderXML.h" />
    <ClInclude Include="Source\WinDetective.h">
      <Filter>WinDetective</Filter>
    </ClInclude>
  </ItemGroup>
  <ItemGroup>
    <Filter Include="WinDetective">
      <UniqueIdentifier>{78778736-f7ad-4f20-b300-0c1ec31234bc}</UniqueIdentifier>
    </Filter>
  </ItemGroup>
</Project>