<?xml version="1.0" encoding="utf-8"?>
<Project ToolsVersion="4.0" xmlns="http://schemas.microsoft.com/developer/msbuild/2003">
  <ItemGroup>
    <ClCompile Include="Source\LoaderXML.cpp" />
    <ClCompile Include="Source\WinDetective.cpp" />
    <ClCompile Include="Source\UtilString.cpp" />
  </ItemGroup>
  <ItemGroup>
    <ClInclude Include="Source\LoaderXML.h" />
    <ClInclude Include="Source\WinDetective.h" />
    <ClInclude Include="Source\UtilString.h" />
  </ItemGroup>
</Project>